
Microsoft Visual Studio Solution File, Format Version 12.00
# Visual Studio Version 17
VisualStudioVersion = 17.0.32014.148
MinimumVisualStudioVersion = 10.0.40219.1
Project("{9A19103F-16F7-4668-BE54-9A1E7A4F7556}") = "JsonInterfaceSerialize", "JsonInterfaceSerialize\JsonInterfaceSerialize.csproj", "{6DB18C8D-76D4-4B08-B63B-5157EB88FC0A}"
EndProject
Global
	GlobalSection(SolutionConfigurationPlatforms) = preSolution
		Debug|Any CPU = Debug|Any CPU
		Release|Any CPU = Release|Any CPU
	EndGlobalSection
	GlobalSection(ProjectConfigurationPlatforms) = postSolution
		{6DB18C8D-76D4-4B08-B63B-5157EB88FC0A}.Debug|Any CPU.ActiveCfg = Debug|Any CPU
		{6DB18C8D-76D4-4B08-B63B-5157EB88FC0A}.Debug|Any CPU.Build.0 = Debug|Any CPU
		{6DB18C8D-76D4-4B08-B63B-5157EB88FC0A}.Release|Any CPU.ActiveCfg = Release|Any CPU
		{6DB18C8D-76D4-4B08-B63B-5157EB88FC0A}.Release|Any CPU.Build.0 = Release|Any CPU
	EndGlobalSection
	GlobalSection(SolutionProperties) = preSolution
		HideSolutionNode = FALSE
	EndGlobalSection
	GlobalSection(ExtensibilityGlobals) = postSolution
		SolutionGuid = {A0ECEB03-545A-4318-8F6A-2A821B4FAB05}
	EndGlobalSection
EndGlobal
